
Microsoft Visual Studio Solution File, Format Version 11.00
# Visual Studio 2010
Project("{FAE04EC0-301F-11D3-BF4B-00C04F79EFBC}") = "WPF_FBConnect_Test", "WPF_FBConnect_Test\WPF_FBConnect_Test.csproj", "{A6827149-7227-4C8C-9DED-88E159E97EC6}"
EndProject
Global
	GlobalSection(SolutionConfigurationPlatforms) = preSolution
		Debug|x86 = Debug|x86
		Release|x86 = Release|x86
	EndGlobalSection
	GlobalSection(ProjectConfigurationPlatforms) = postSolution
		{A6827149-7227-4C8C-9DED-88E159E97EC6}.Debug|x86.ActiveCfg = Debug|x86
		{A6827149-7227-4C8C-9DED-88E159E97EC6}.Debug|x86.Build.0 = Debug|x86
		{A6827149-7227-4C8C-9DED-88E159E97EC6}.Release|x86.ActiveCfg = Release|x86
		{A6827149-7227-4C8C-9DED-88E159E97EC6}.Release|x86.Build.0 = Release|x86
	EndGlobalSection
	GlobalSection(SolutionProperties) = preSolution
		HideSolutionNode = FALSE
	EndGlobalSection
EndGlobal
